
Microsoft Visual Studio Solution File, Format Version 12.00
# Visual Studio Version 17
VisualStudioVersion = 17.6.33829.357
MinimumVisualStudioVersion = 10.0.40219.1
Project("{FAE04EC0-301F-11D3-BF4B-00C04F79EFBC}") = "MioMap", "MioMap\MioMap.csproj", "{06C6651F-75F2-4474-B42E-9168A6F202EC}"
EndProject
Global
	GlobalSection(SolutionConfigurationPlatforms) = preSolution
		Debug|Any CPU = Debug|Any CPU
		Release|Any CPU = Release|Any CPU
	EndGlobalSection
	GlobalSection(ProjectConfigurationPlatforms) = postSolution
		{06C6651F-75F2-4474-B42E-9168A6F202EC}.Debug|Any CPU.ActiveCfg = Debug|Any CPU
		{06C6651F-75F2-4474-B42E-9168A6F202EC}.Debug|Any CPU.Build.0 = Debug|Any CPU
		{06C6651F-75F2-4474-B42E-9168A6F202EC}.Release|Any CPU.ActiveCfg = Release|Any CPU
		{06C6651F-75F2-4474-B42E-9168A6F202EC}.Release|Any CPU.Build.0 = Release|Any CPU
	EndGlobalSection
	GlobalSection(SolutionProperties) = preSolution
		HideSolutionNode = FALSE
	EndGlobalSection
	GlobalSection(ExtensibilityGlobals) = postSolution
		SolutionGuid = {EB56FB8E-CAA4-4BC1-AD15-92868AEBAA00}
	EndGlobalSection
EndGlobal
